
Microsoft Visual Studio Solution File, Format Version 12.00
# Visual Studio 14
VisualStudioVersion = 14.0.25123.0
MinimumVisualStudioVersion = 10.0.40219.1
Project("{2150E333-8FDC-42A3-9474-1A3956D46DE8}") = "src", "src", "{8F38F969-19DA-40FA-90DD-40E8E16034F2}"
EndProject
Project("{2150E333-8FDC-42A3-9474-1A3956D46DE8}") = "Solution Items", "Solution Items", "{6A60FB31-0895-4A1F-959E-32F168EE421E}"
	ProjectSection(SolutionItems) = preProject
		global.json = global.json
	EndProjectSection
EndProject
Project("{8BB2217D-0F2D-49D1-97BC-3654ED321F3B}") = "MyQuoteApp", "src\MyQuoteApp\MyQuoteApp.xproj", "{DA176458-BC1F-48A0-A486-935C6FD6DB58}"
EndProject
Global
	GlobalSection(SolutionConfigurationPlatforms) = preSolution
		Debug|Any CPU = Debug|Any CPU
		Release|Any CPU = Release|Any CPU
	EndGlobalSection
	GlobalSection(ProjectConfigurationPlatforms) = postSolution
		{DA176458-BC1F-48A0-A486-935C6FD6DB58}.Debug|Any CPU.ActiveCfg = Debug|Any CPU
		{DA176458-BC1F-48A0-A486-935C6FD6DB58}.Debug|Any CPU.Build.0 = Debug|Any CPU
		{DA176458-BC1F-48A0-A486-935C6FD6DB58}.Release|Any CPU.ActiveCfg = Release|Any CPU
		{DA176458-BC1F-48A0-A486-935C6FD6DB58}.Release|Any CPU.Build.0 = Release|Any CPU
	EndGlobalSection
	GlobalSection(SolutionProperties) = preSolution
		HideSolutionNode = FALSE
	EndGlobalSection
	GlobalSection(NestedProjects) = preSolution
		{DA176458-BC1F-48A0-A486-935C6FD6DB58} = {8F38F969-19DA-40FA-90DD-40E8E16034F2}
	EndGlobalSection
EndGlobal
